// !$*UTF8*$!
{
	archiveVersion = 1;
	classes = {
	};
	objectVersion = 46;
	objects = {

/* Begin PBXBuildFile section */
		4F1552A1212AF20400119C41 /* GDTestNavigationController.m in Sources */ = {isa = PBXBuildFile; fileRef = 4F15529F212AF20400119C41 /* GDTestNavigationController.m */; };
		4F1552A6212AFF4200119C41 /* navBackIndicatorImg@2x.png in Resources */ = {isa = PBXBuildFile; fileRef = 4F1552A4212AFF4200119C41 /* navBackIndicatorImg@2x.png */; };
		4F1552A7212AFF4200119C41 /* navBackIndicatorImg@3x.png in Resources */ = {isa = PBXBuildFile; fileRef = 4F1552A5212AFF4200119C41 /* navBackIndicatorImg@3x.png */; };
		4F80070F213E530700A89B44 /* TestViewController.m in Sources */ = {isa = PBXBuildFile; fileRef = 4F80070E213E530700A89B44 /* TestViewController.m */; };
		4F80071D213EBD9C00A89B44 /* GDNewToastVC.m in Sources */ = {isa = PBXBuildFile; fileRef = 4F80071C213EBD9C00A89B44 /* GDNewToastVC.m */; };
		4F800720213EBDBD00A89B44 /* GDNewToastInteraction.m in Sources */ = {isa = PBXBuildFile; fileRef = 4F80071F213EBDBD00A89B44 /* GDNewToastInteraction.m */; };
		4FB39BB7214FD73300AEF8D8 /* GDRouter.m in Sources */ = {isa = PBXBuildFile; fileRef = 4FB39BB6214FD73300AEF8D8 /* GDRouter.m */; };
		4FBFBC432132F012003618F3 /* RouteVC.m in Sources */ = {isa = PBXBuildFile; fileRef = 4FBFBC422132F012003618F3 /* RouteVC.m */; };
		4FBFBC562133A927003618F3 /* c_tabbar_mall_sel@3x.png in Resources */ = {isa = PBXBuildFile; fileRef = 4FBFBC442133A925003618F3 /* c_tabbar_mall_sel@3x.png */; };
		4FBFBC572133A927003618F3 /* c_tabbar_shadow@2x.png in Resources */ = {isa = PBXBuildFile; fileRef = 4FBFBC452133A925003618F3 /* c_tabbar_shadow@2x.png */; };
		4FBFBC582133A927003618F3 /* c_tabbar_mall_sel@2x.png in Resources */ = {isa = PBXBuildFile; fileRef = 4FBFBC462133A925003618F3 /* c_tabbar_mall_sel@2x.png */; };
		4FBFBC592133A927003618F3 /* c_tabbar_message_nor@3x.png in Resources */ = {isa = PBXBuildFile; fileRef = 4FBFBC472133A925003618F3 /* c_tabbar_message_nor@3x.png */; };
		4FBFBC5A2133A927003618F3 /* c_tabbar_video_nor@2x.png in Resources */ = {isa = PBXBuildFile; fileRef = 4FBFBC482133A925003618F3 /* c_tabbar_video_nor@2x.png */; };
		4FBFBC5B2133A927003618F3 /* c_tabbar_post@3x.png in Resources */ = {isa = PBXBuildFile; fileRef = 4FBFBC492133A925003618F3 /* c_tabbar_post@3x.png */; };
		4FBFBC5C2133A927003618F3 /* c_tabbar_video_sel@2x.png in Resources */ = {isa = PBXBuildFile; fileRef = 4FBFBC4A2133A925003618F3 /* c_tabbar_video_sel@2x.png */; };
		4FBFBC5D2133A927003618F3 /* c_tabbar_message_nor@2x.png in Resources */ = {isa = PBXBuildFile; fileRef = 4FBFBC4B2133A926003618F3 /* c_tabbar_message_nor@2x.png */; };
		4FBFBC5E2133A927003618F3 /* c_tabbar_shadow@3x.png in Resources */ = {isa = PBXBuildFile; fileRef = 4FBFBC4C2133A926003618F3 /* c_tabbar_shadow@3x.png */; };
		4FBFBC5F2133A927003618F3 /* c_tabbar_video_nor@3x.png in Resources */ = {isa = PBXBuildFile; fileRef = 4FBFBC4D2133A926003618F3 /* c_tabbar_video_nor@3x.png */; };
		4FBFBC602133A927003618F3 /* c_tabbar_message_sel@3x.png in Resources */ = {isa = PBXBuildFile; fileRef = 4FBFBC4E2133A926003618F3 /* c_tabbar_message_sel@3x.png */; };
		4FBFBC612133A927003618F3 /* c_tabbar_post@2x.png in Resources */ = {isa = PBXBuildFile; fileRef = 4FBFBC4F2133A926003618F3 /* c_tabbar_post@2x.png */; };
		4FBFBC622133A927003618F3 /* c_tabbar_mall_nor@2x.png in Resources */ = {isa = PBXBuildFile; fileRef = 4FBFBC502133A926003618F3 /* c_tabbar_mall_nor@2x.png */; };
		4FBFBC632133A927003618F3 /* c_tabbar_message_sel@2x.png in Resources */ = {isa = PBXBuildFile; fileRef = 4FBFBC512133A926003618F3 /* c_tabbar_message_sel@2x.png */; };
		4FBFBC642133A927003618F3 /* c_tabbar_video_sel@3x.png in Resources */ = {isa = PBXBuildFile; fileRef = 4FBFBC522133A926003618F3 /* c_tabbar_video_sel@3x.png */; };
		4FBFBC652133A927003618F3 /* c_tabbar_post60@2x.png in Resources */ = {isa = PBXBuildFile; fileRef = 4FBFBC532133A926003618F3 /* c_tabbar_post60@2x.png */; };
		4FBFBC662133A927003618F3 /* c_tabbar_mall_nor@3x.png in Resources */ = {isa = PBXBuildFile; fileRef = 4FBFBC542133A926003618F3 /* c_tabbar_mall_nor@3x.png */; };
		4FBFBC672133A927003618F3 /* c_tabbar_post60@3x.png in Resources */ = {isa = PBXBuildFile; fileRef = 4FBFBC552133A927003618F3 /* c_tabbar_post60@3x.png */; };
		4FBFBC70213429CA003618F3 /* GDTabBarController.m in Sources */ = {isa = PBXBuildFile; fileRef = 4FBFBC6F213429CA003618F3 /* GDTabBarController.m */; };
		4FD1A7802146BB920005FCA2 /* GDTableViewCell.m in Sources */ = {isa = PBXBuildFile; fileRef = 4FD1A77F2146BB920005FCA2 /* GDTableViewCell.m */; };
		4FDF3F592137D8FE00B8F1C9 /* GDViewController.m in Sources */ = {isa = PBXBuildFile; fileRef = 4FDF3F582137D8FE00B8F1C9 /* GDViewController.m */; };
		4FDF3F5C2137D91800B8F1C9 /* GDMyNetwork.m in Sources */ = {isa = PBXBuildFile; fileRef = 4FDF3F5B2137D91800B8F1C9 /* GDMyNetwork.m */; };
		4FDF3F6C21382EC500B8F1C9 /* GDMyInteraction.m in Sources */ = {isa = PBXBuildFile; fileRef = 4FDF3F6B21382EC500B8F1C9 /* GDMyInteraction.m */; };
		6003F58E195388D20070C39A /* Foundation.framework in Frameworks */ = {isa = PBXBuildFile; fileRef = 6003F58D195388D20070C39A /* Foundation.framework */; };
		6003F590195388D20070C39A /* CoreGraphics.framework in Frameworks */ = {isa = PBXBuildFile; fileRef = 6003F58F195388D20070C39A /* CoreGraphics.framework */; };
		6003F592195388D20070C39A /* UIKit.framework in Frameworks */ = {isa = PBXBuildFile; fileRef = 6003F591195388D20070C39A /* UIKit.framework */; };
		6003F598195388D20070C39A /* InfoPlist.strings in Resources */ = {isa = PBXBuildFile; fileRef = 6003F596195388D20070C39A /* InfoPlist.strings */; };
		6003F59A195388D20070C39A /* main.m in Sources */ = {isa = PBXBuildFile; fileRef = 6003F599195388D20070C39A /* main.m */; };
		6003F59E195388D20070C39A /* GDAppDelegate.m in Sources */ = {isa = PBXBuildFile; fileRef = 6003F59D195388D20070C39A /* GDAppDelegate.m */; };
		6003F5A9195388D20070C39A /* Images.xcassets in Resources */ = {isa = PBXBuildFile; fileRef = 6003F5A8195388D20070C39A /* Images.xcassets */; };
		71719F9F1E33DC2100824A3D /* LaunchScreen.storyboard in Resources */ = {isa = PBXBuildFile; fileRef = 71719F9D1E33DC2100824A3D /* LaunchScreen.storyboard */; };
		79D7220CD9F1A0ACA6371DC1 /* Pods_GDProject_Example.framework in Frameworks */ = {isa = PBXBuildFile; fileRef = 5A460DA63704E6C57315A8F6 /* Pods_GDProject_Example.framework */; };
		E525249B216E263600B7CCE7 /* GDMySliderVC.m in Sources */ = {isa = PBXBuildFile; fileRef = E525249A216E263600B7CCE7 /* GDMySliderVC.m */; };
		E525249E216E3E1A00B7CCE7 /* GDMySlider.m in Sources */ = {isa = PBXBuildFile; fileRef = E525249D216E3E1A00B7CCE7 /* GDMySlider.m */; };
		E5461428217193DD00B4DCD3 /* MyScrollNavigationController.m in Sources */ = {isa = PBXBuildFile; fileRef = E5461427217193DD00B4DCD3 /* MyScrollNavigationController.m */; };
		E546142B217195D600B4DCD3 /* GDTableVC.m in Sources */ = {isa = PBXBuildFile; fileRef = E546142A217195D600B4DCD3 /* GDTableVC.m */; };
		E546142E217195EC00B4DCD3 /* GDCollectionVC.m in Sources */ = {isa = PBXBuildFile; fileRef = E546142D217195EC00B4DCD3 /* GDCollectionVC.m */; };
		E54614312171A38400B4DCD3 /* GDSelectView.m in Sources */ = {isa = PBXBuildFile; fileRef = E54614302171A38400B4DCD3 /* GDSelectView.m */; };
		E5835FF2217623B000F0DC7F /* GDUrlCenter.m in Sources */ = {isa = PBXBuildFile; fileRef = E5835FF1217623B000F0DC7F /* GDUrlCenter.m */; };
		E58E805E216A3EFA00899A80 /* GDCollectionViewCell.m in Sources */ = {isa = PBXBuildFile; fileRef = E58E805D216A3EFA00899A80 /* GDCollectionViewCell.m */; };
		E58E8074216B517200899A80 /* GDCollectionHeader.m in Sources */ = {isa = PBXBuildFile; fileRef = E58E8073216B517200899A80 /* GDCollectionHeader.m */; };
		E58E8077216B518800899A80 /* GDCollectionFooter.m in Sources */ = {isa = PBXBuildFile; fileRef = E58E8076216B518800899A80 /* GDCollectionFooter.m */; };
/* End PBXBuildFile section */

/* Begin PBXFileReference section */
		1D9C1E1EA4A465C01C3973E4 /* LICENSE */ = {isa = PBXFileReference; includeInIndex = 1; lastKnownFileType = text; name = LICENSE; path = ../LICENSE; sourceTree = "<group>"; };
		1DB9F7A7758E828F337DE700 /* Pods-GDProject_Example.release.xcconfig */ = {isa = PBXFileReference; includeInIndex = 1; lastKnownFileType = text.xcconfig; name = "Pods-GDProject_Example.release.xcconfig"; path = "Pods/Target Support Files/Pods-GDProject_Example/Pods-GDProject_Example.release.xcconfig"; sourceTree = "<group>"; };
		398E751C1995FF344254D05B /* Pods_GDProject_Tests.framework */ = {isa = PBXFileReference; explicitFileType = wrapper.framework; includeInIndex = 0; path = Pods_GDProject_Tests.framework; sourceTree = BUILT_PRODUCTS_DIR; };
		4F15529D212AF20400119C41 /* GDTestNavigationController.h */ = {isa = PBXFileReference; fileEncoding = 4; lastKnownFileType = sourcecode.c.h; path = GDTestNavigationController.h; sourceTree = "<group>"; };
		4F15529F212AF20400119C41 /* GDTestNavigationController.m */ = {isa = PBXFileReference; fileEncoding = 4; lastKnownFileType = sourcecode.c.objc; path = GDTestNavigationController.m; sourceTree = "<group>"; };
		4F1552A4212AFF4200119C41 /* navBackIndicatorImg@2x.png */ = {isa = PBXFileReference; lastKnownFileType = image.png; path = "navBackIndicatorImg@2x.png"; sourceTree = "<group>"; };
		4F1552A5212AFF4200119C41 /* navBackIndicatorImg@3x.png */ = {isa = PBXFileReference; lastKnownFileType = image.png; path = "navBackIndicatorImg@3x.png"; sourceTree = "<group>"; };
		4F80070D213E530700A89B44 /* TestViewController.h */ = {isa = PBXFileReference; lastKnownFileType = sourcecode.c.h; path = TestViewController.h; sourceTree = "<group>"; };
		4F80070E213E530700A89B44 /* TestViewController.m */ = {isa = PBXFileReference; lastKnownFileType = sourcecode.c.objc; path = TestViewController.m; sourceTree = "<group>"; };
		4F80071B213EBD9C00A89B44 /* GDNewToastVC.h */ = {isa = PBXFileReference; lastKnownFileType = sourcecode.c.h; path = GDNewToastVC.h; sourceTree = "<group>"; };
		4F80071C213EBD9C00A89B44 /* GDNewToastVC.m */ = {isa = PBXFileReference; lastKnownFileType = sourcecode.c.objc; path = GDNewToastVC.m; sourceTree = "<group>"; };
		4F80071E213EBDBD00A89B44 /* GDNewToastInteraction.h */ = {isa = PBXFileReference; lastKnownFileType = sourcecode.c.h; path = GDNewToastInteraction.h; sourceTree = "<group>"; };
		4F80071F213EBDBD00A89B44 /* GDNewToastInteraction.m */ = {isa = PBXFileReference; lastKnownFileType = sourcecode.c.objc; path = GDNewToastInteraction.m; sourceTree = "<group>"; };
		4FB39BB5214FD73300AEF8D8 /* GDRouter.h */ = {isa = PBXFileReference; lastKnownFileType = sourcecode.c.h; path = GDRouter.h; sourceTree = "<group>"; };
		4FB39BB6214FD73300AEF8D8 /* GDRouter.m */ = {isa = PBXFileReference; lastKnownFileType = sourcecode.c.objc; path = GDRouter.m; sourceTree = "<group>"; };
		4FBFBC412132F012003618F3 /* RouteVC.h */ = {isa = PBXFileReference; lastKnownFileType = sourcecode.c.h; path = RouteVC.h; sourceTree = "<group>"; };
		4FBFBC422132F012003618F3 /* RouteVC.m */ = {isa = PBXFileReference; lastKnownFileType = sourcecode.c.objc; path = RouteVC.m; sourceTree = "<group>"; };
		4FBFBC442133A925003618F3 /* c_tabbar_mall_sel@3x.png */ = {isa = PBXFileReference; lastKnownFileType = image.png; path = "c_tabbar_mall_sel@3x.png"; sourceTree = "<group>"; };
		4FBFBC452133A925003618F3 /* c_tabbar_shadow@2x.png */ = {isa = PBXFileReference; lastKnownFileType = image.png; path = "c_tabbar_shadow@2x.png"; sourceTree = "<group>"; };
		4FBFBC462133A925003618F3 /* c_tabbar_mall_sel@2x.png */ = {isa = PBXFileReference; lastKnownFileType = image.png; path = "c_tabbar_mall_sel@2x.png"; sourceTree = "<group>"; };
		4FBFBC472133A925003618F3 /* c_tabbar_message_nor@3x.png */ = {isa = PBXFileReference; lastKnownFileType = image.png; path = "c_tabbar_message_nor@3x.png"; sourceTree = "<group>"; };
		4FBFBC482133A925003618F3 /* c_tabbar_video_nor@2x.png */ = {isa = PBXFileReference; lastKnownFileType = image.png; path = "c_tabbar_video_nor@2x.png"; sourceTree = "<group>"; };
		4FBFBC492133A925003618F3 /* c_tabbar_post@3x.png */ = {isa = PBXFileReference; lastKnownFileType = image.png; path = "c_tabbar_post@3x.png"; sourceTree = "<group>"; };
		4FBFBC4A2133A925003618F3 /* c_tabbar_video_sel@2x.png */ = {isa = PBXFileReference; lastKnownFileType = image.png; path = "c_tabbar_video_sel@2x.png"; sourceTree = "<group>"; };
		4FBFBC4B2133A926003618F3 /* c_tabbar_message_nor@2x.png */ = {isa = PBXFileReference; lastKnownFileType = image.png; path = "c_tabbar_message_nor@2x.png"; sourceTree = "<group>"; };
		4FBFBC4C2133A926003618F3 /* c_tabbar_shadow@3x.png */ = {isa = PBXFileReference; lastKnownFileType = image.png; path = "c_tabbar_shadow@3x.png"; sourceTree = "<group>"; };
		4FBFBC4D2133A926003618F3 /* c_tabbar_video_nor@3x.png */ = {isa = PBXFileReference; lastKnownFileType = image.png; path = "c_tabbar_video_nor@3x.png"; sourceTree = "<group>"; };
		4FBFBC4E2133A926003618F3 /* c_tabbar_message_sel@3x.png */ = {isa = PBXFileReference; lastKnownFileType = image.png; path = "c_tabbar_message_sel@3x.png"; sourceTree = "<group>"; };
		4FBFBC4F2133A926003618F3 /* c_tabbar_post@2x.png */ = {isa = PBXFileReference; lastKnownFileType = image.png; path = "c_tabbar_post@2x.png"; sourceTree = "<group>"; };
		4FBFBC502133A926003618F3 /* c_tabbar_mall_nor@2x.png */ = {isa = PBXFileReference; lastKnownFileType = image.png; path = "c_tabbar_mall_nor@2x.png"; sourceTree = "<group>"; };
		4FBFBC512133A926003618F3 /* c_tabbar_message_sel@2x.png */ = {isa = PBXFileReference; lastKnownFileType = image.png; path = "c_tabbar_message_sel@2x.png"; sourceTree = "<group>"; };
		4FBFBC522133A926003618F3 /* c_tabbar_video_sel@3x.png */ = {isa = PBXFileReference; lastKnownFileType = image.png; path = "c_tabbar_video_sel@3x.png"; sourceTree = "<group>"; };
		4FBFBC532133A926003618F3 /* c_tabbar_post60@2x.png */ = {isa = PBXFileReference; lastKnownFileType = image.png; path = "c_tabbar_post60@2x.png"; sourceTree = "<group>"; };
		4FBFBC542133A926003618F3 /* c_tabbar_mall_nor@3x.png */ = {isa = PBXFileReference; lastKnownFileType = image.png; path = "c_tabbar_mall_nor@3x.png"; sourceTree = "<group>"; };
		4FBFBC552133A927003618F3 /* c_tabbar_post60@3x.png */ = {isa = PBXFileReference; lastKnownFileType = image.png; path = "c_tabbar_post60@3x.png"; sourceTree = "<group>"; };
		4FBFBC6E213429CA003618F3 /* GDTabBarController.h */ = {isa = PBXFileReference; lastKnownFileType = sourcecode.c.h; path = GDTabBarController.h; sourceTree = "<group>"; };
		4FBFBC6F213429CA003618F3 /* GDTabBarController.m */ = {isa = PBXFileReference; lastKnownFileType = sourcecode.c.objc; path = GDTabBarController.m; sourceTree = "<group>"; };
		4FD1A77E2146BB920005FCA2 /* GDTableViewCell.h */ = {isa = PBXFileReference; lastKnownFileType = sourcecode.c.h; path = GDTableViewCell.h; sourceTree = "<group>"; };
		4FD1A77F2146BB920005FCA2 /* GDTableViewCell.m */ = {isa = PBXFileReference; lastKnownFileType = sourcecode.c.objc; path = GDTableViewCell.m; sourceTree = "<group>"; };
		4FDF3F572137D8FE00B8F1C9 /* GDViewController.h */ = {isa = PBXFileReference; lastKnownFileType = sourcecode.c.h; path = GDViewController.h; sourceTree = "<group>"; };
		4FDF3F582137D8FE00B8F1C9 /* GDViewController.m */ = {isa = PBXFileReference; lastKnownFileType = sourcecode.c.objc; path = GDViewController.m; sourceTree = "<group>"; };
		4FDF3F5A2137D91700B8F1C9 /* GDMyNetwork.h */ = {isa = PBXFileReference; lastKnownFileType = sourcecode.c.h; path = GDMyNetwork.h; sourceTree = "<group>"; };
		4FDF3F5B2137D91800B8F1C9 /* GDMyNetwork.m */ = {isa = PBXFileReference; lastKnownFileType = sourcecode.c.objc; path = GDMyNetwork.m; sourceTree = "<group>"; };
		4FDF3F6A21382EC500B8F1C9 /* GDMyInteraction.h */ = {isa = PBXFileReference; lastKnownFileType = sourcecode.c.h; path = GDMyInteraction.h; sourceTree = "<group>"; };
		4FDF3F6B21382EC500B8F1C9 /* GDMyInteraction.m */ = {isa = PBXFileReference; lastKnownFileType = sourcecode.c.objc; path = GDMyInteraction.m; sourceTree = "<group>"; };
		536002A95FDF45F1EEA13D8A /* README.md */ = {isa = PBXFileReference; includeInIndex = 1; lastKnownFileType = net.daringfireball.markdown; name = README.md; path = ../README.md; sourceTree = "<group>"; };
		5A460DA63704E6C57315A8F6 /* Pods_GDProject_Example.framework */ = {isa = PBXFileReference; explicitFileType = wrapper.framework; includeInIndex = 0; path = Pods_GDProject_Example.framework; sourceTree = BUILT_PRODUCTS_DIR; };
		5D580FEC7FDC1388230442A8 /* Pods-GDProject_Tests.release.xcconfig */ = {isa = PBXFileReference; includeInIndex = 1; lastKnownFileType = text.xcconfig; name = "Pods-GDProject_Tests.release.xcconfig"; path = "Pods/Target Support Files/Pods-GDProject_Tests/Pods-GDProject_Tests.release.xcconfig"; sourceTree = "<group>"; };
		6003F58A195388D20070C39A /* GDProject_Example.app */ = {isa = PBXFileReference; explicitFileType = wrapper.application; includeInIndex = 0; path = GDProject_Example.app; sourceTree = BUILT_PRODUCTS_DIR; };
		6003F58D195388D20070C39A /* Foundation.framework */ = {isa = PBXFileReference; lastKnownFileType = wrapper.framework; name = Foundation.framework; path = System/Library/Frameworks/Foundation.framework; sourceTree = SDKROOT; };
		6003F58F195388D20070C39A /* CoreGraphics.framework */ = {isa = PBXFileReference; lastKnownFileType = wrapper.framework; name = CoreGraphics.framework; path = System/Library/Frameworks/CoreGraphics.framework; sourceTree = SDKROOT; };
		6003F591195388D20070C39A /* UIKit.framework */ = {isa = PBXFileReference; lastKnownFileType = wrapper.framework; name = UIKit.framework; path = System/Library/Frameworks/UIKit.framework; sourceTree = SDKROOT; };
		6003F595195388D20070C39A /* GDProject-Info.plist */ = {isa = PBXFileReference; lastKnownFileType = text.plist.xml; path = "GDProject-Info.plist"; sourceTree = "<group>"; };
		6003F597195388D20070C39A /* en */ = {isa = PBXFileReference; lastKnownFileType = text.plist.strings; name = en; path = en.lproj/InfoPlist.strings; sourceTree = "<group>"; };
		6003F599195388D20070C39A /* main.m */ = {isa = PBXFileReference; lastKnownFileType = sourcecode.c.objc; path = main.m; sourceTree = "<group>"; };
		6003F59B195388D20070C39A /* GDProject-Prefix.pch */ = {isa = PBXFileReference; lastKnownFileType = sourcecode.c.h; path = "GDProject-Prefix.pch"; sourceTree = "<group>"; };
		6003F59C195388D20070C39A /* GDAppDelegate.h */ = {isa = PBXFileReference; lastKnownFileType = sourcecode.c.h; path = GDAppDelegate.h; sourceTree = "<group>"; };
		6003F59D195388D20070C39A /* GDAppDelegate.m */ = {isa = PBXFileReference; lastKnownFileType = sourcecode.c.objc; path = GDAppDelegate.m; sourceTree = "<group>"; };
		6003F5A8195388D20070C39A /* Images.xcassets */ = {isa = PBXFileReference; lastKnownFileType = folder.assetcatalog; path = Images.xcassets; sourceTree = "<group>"; };
		6003F5AF195388D20070C39A /* XCTest.framework */ = {isa = PBXFileReference; lastKnownFileType = wrapper.framework; name = XCTest.framework; path = Library/Frameworks/XCTest.framework; sourceTree = DEVELOPER_DIR; };
		71719F9E1E33DC2100824A3D /* Base */ = {isa = PBXFileReference; lastKnownFileType = file.storyboard; name = Base; path = Base.lproj/LaunchScreen.storyboard; sourceTree = "<group>"; };
		71A74EA2376F2F301F21C8D3 /* Pods-GDProject_Tests.debug.xcconfig */ = {isa = PBXFileReference; includeInIndex = 1; lastKnownFileType = text.xcconfig; name = "Pods-GDProject_Tests.debug.xcconfig"; path = "Pods/Target Support Files/Pods-GDProject_Tests/Pods-GDProject_Tests.debug.xcconfig"; sourceTree = "<group>"; };
		E5252499216E263600B7CCE7 /* GDMySliderVC.h */ = {isa = PBXFileReference; lastKnownFileType = sourcecode.c.h; path = GDMySliderVC.h; sourceTree = "<group>"; };
		E525249A216E263600B7CCE7 /* GDMySliderVC.m */ = {isa = PBXFileReference; lastKnownFileType = sourcecode.c.objc; path = GDMySliderVC.m; sourceTree = "<group>"; };
		E525249C216E3E1900B7CCE7 /* GDMySlider.h */ = {isa = PBXFileReference; lastKnownFileType = sourcecode.c.h; path = GDMySlider.h; sourceTree = "<group>"; };
		E525249D216E3E1A00B7CCE7 /* GDMySlider.m */ = {isa = PBXFileReference; lastKnownFileType = sourcecode.c.objc; path = GDMySlider.m; sourceTree = "<group>"; };
		E5461426217193DD00B4DCD3 /* MyScrollNavigationController.h */ = {isa = PBXFileReference; lastKnownFileType = sourcecode.c.h; path = MyScrollNavigationController.h; sourceTree = "<group>"; };
		E5461427217193DD00B4DCD3 /* MyScrollNavigationController.m */ = {isa = PBXFileReference; lastKnownFileType = sourcecode.c.objc; path = MyScrollNavigationController.m; sourceTree = "<group>"; };
		E5461429217195D600B4DCD3 /* GDTableVC.h */ = {isa = PBXFileReference; lastKnownFileType = sourcecode.c.h; path = GDTableVC.h; sourceTree = "<group>"; };
		E546142A217195D600B4DCD3 /* GDTableVC.m */ = {isa = PBXFileReference; lastKnownFileType = sourcecode.c.objc; path = GDTableVC.m; sourceTree = "<group>"; };
		E546142C217195EC00B4DCD3 /* GDCollectionVC.h */ = {isa = PBXFileReference; lastKnownFileType = sourcecode.c.h; path = GDCollectionVC.h; sourceTree = "<group>"; };
		E546142D217195EC00B4DCD3 /* GDCollectionVC.m */ = {isa = PBXFileReference; lastKnownFileType = sourcecode.c.objc; path = GDCollectionVC.m; sourceTree = "<group>"; };
		E546142F2171A38400B4DCD3 /* GDSelectView.h */ = {isa = PBXFileReference; lastKnownFileType = sourcecode.c.h; path = GDSelectView.h; sourceTree = "<group>"; };
		E54614302171A38400B4DCD3 /* GDSelectView.m */ = {isa = PBXFileReference; lastKnownFileType = sourcecode.c.objc; path = GDSelectView.m; sourceTree = "<group>"; };
		E5835FF0217623B000F0DC7F /* GDUrlCenter.h */ = {isa = PBXFileReference; lastKnownFileType = sourcecode.c.h; path = GDUrlCenter.h; sourceTree = "<group>"; };
		E5835FF1217623B000F0DC7F /* GDUrlCenter.m */ = {isa = PBXFileReference; lastKnownFileType = sourcecode.c.objc; path = GDUrlCenter.m; sourceTree = "<group>"; };
		E58E805C216A3EFA00899A80 /* GDCollectionViewCell.h */ = {isa = PBXFileReference; lastKnownFileType = sourcecode.c.h; path = GDCollectionViewCell.h; sourceTree = "<group>"; };
		E58E805D216A3EFA00899A80 /* GDCollectionViewCell.m */ = {isa = PBXFileReference; lastKnownFileType = sourcecode.c.objc; path = GDCollectionViewCell.m; sourceTree = "<group>"; };
		E58E8072216B517200899A80 /* GDCollectionHeader.h */ = {isa = PBXFileReference; lastKnownFileType = sourcecode.c.h; path = GDCollectionHeader.h; sourceTree = "<group>"; };
		E58E8073216B517200899A80 /* GDCollectionHeader.m */ = {isa = PBXFileReference; lastKnownFileType = sourcecode.c.objc; path = GDCollectionHeader.m; sourceTree = "<group>"; };
		E58E8075216B518800899A80 /* GDCollectionFooter.h */ = {isa = PBXFileReference; lastKnownFileType = sourcecode.c.h; path = GDCollectionFooter.h; sourceTree = "<group>"; };
		E58E8076216B518800899A80 /* GDCollectionFooter.m */ = {isa = PBXFileReference; lastKnownFileType = sourcecode.c.objc; path = GDCollectionFooter.m; sourceTree = "<group>"; };
		F56E11911944B7D49EAF947D /* Pods-GDProject_Example.debug.xcconfig */ = {isa = PBXFileReference; includeInIndex = 1; lastKnownFileType = text.xcconfig; name = "Pods-GDProject_Example.debug.xcconfig"; path = "Pods/Target Support Files/Pods-GDProject_Example/Pods-GDProject_Example.debug.xcconfig"; sourceTree = "<group>"; };
		FC8413E33DB165E99AA6E567 /* GDProject.podspec */ = {isa = PBXFileReference; includeInIndex = 1; lastKnownFileType = text; name = GDProject.podspec; path = ../GDProject.podspec; sourceTree = "<group>"; xcLanguageSpecificationIdentifier = xcode.lang.ruby; };
/* End PBXFileReference section */

/* Begin PBXFrameworksBuildPhase section */
		6003F587195388D20070C39A /* Frameworks */ = {
			isa = PBXFrameworksBuildPhase;
			buildActionMask = 2147483647;
			files = (
				6003F590195388D20070C39A /* CoreGraphics.framework in Frameworks */,
				6003F592195388D20070C39A /* UIKit.framework in Frameworks */,
				6003F58E195388D20070C39A /* Foundation.framework in Frameworks */,
				79D7220CD9F1A0ACA6371DC1 /* Pods_GDProject_Example.framework in Frameworks */,
			);
			runOnlyForDeploymentPostprocessing = 0;
		};
/* End PBXFrameworksBuildPhase section */

/* Begin PBXGroup section */
		3D7165FDAD76CE6703869018 /* Pods */ = {
			isa = PBXGroup;
			children = (
				F56E11911944B7D49EAF947D /* Pods-GDProject_Example.debug.xcconfig */,
				1DB9F7A7758E828F337DE700 /* Pods-GDProject_Example.release.xcconfig */,
				71A74EA2376F2F301F21C8D3 /* Pods-GDProject_Tests.debug.xcconfig */,
				5D580FEC7FDC1388230442A8 /* Pods-GDProject_Tests.release.xcconfig */,
			);
			name = Pods;
			sourceTree = "<group>";
		};
		4F15529C212AF20400119C41 /* NavigationController */ = {
			isa = PBXGroup;
			children = (
				4F15529D212AF20400119C41 /* GDTestNavigationController.h */,
				4F15529F212AF20400119C41 /* GDTestNavigationController.m */,
			);
			path = NavigationController;
			sourceTree = "<group>";
		};
		4F1552A3212AFF2A00119C41 /* resource */ = {
			isa = PBXGroup;
			children = (
				4FBFBC502133A926003618F3 /* c_tabbar_mall_nor@2x.png */,
				4FBFBC542133A926003618F3 /* c_tabbar_mall_nor@3x.png */,
				4FBFBC462133A925003618F3 /* c_tabbar_mall_sel@2x.png */,
				4FBFBC442133A925003618F3 /* c_tabbar_mall_sel@3x.png */,
				4FBFBC4B2133A926003618F3 /* c_tabbar_message_nor@2x.png */,
				4FBFBC472133A925003618F3 /* c_tabbar_message_nor@3x.png */,
				4FBFBC512133A926003618F3 /* c_tabbar_message_sel@2x.png */,
				4FBFBC4E2133A926003618F3 /* c_tabbar_message_sel@3x.png */,
				4FBFBC4F2133A926003618F3 /* c_tabbar_post@2x.png */,
				4FBFBC492133A925003618F3 /* c_tabbar_post@3x.png */,
				4FBFBC532133A926003618F3 /* c_tabbar_post60@2x.png */,
				4FBFBC552133A927003618F3 /* c_tabbar_post60@3x.png */,
				4FBFBC452133A925003618F3 /* c_tabbar_shadow@2x.png */,
				4FBFBC4C2133A926003618F3 /* c_tabbar_shadow@3x.png */,
				4FBFBC482133A925003618F3 /* c_tabbar_video_nor@2x.png */,
				4FBFBC4D2133A926003618F3 /* c_tabbar_video_nor@3x.png */,
				4FBFBC4A2133A925003618F3 /* c_tabbar_video_sel@2x.png */,
				4FBFBC522133A926003618F3 /* c_tabbar_video_sel@3x.png */,
				4F1552A4212AFF4200119C41 /* navBackIndicatorImg@2x.png */,
				4F1552A5212AFF4200119C41 /* navBackIndicatorImg@3x.png */,
			);
			path = resource;
			sourceTree = "<group>";
		};
		4FBFBC402132EFF9003618F3 /* Route */ = {
			isa = PBXGroup;
			children = (
				4FBFBC412132F012003618F3 /* RouteVC.h */,
				4FBFBC422132F012003618F3 /* RouteVC.m */,
				4FB39BB5214FD73300AEF8D8 /* GDRouter.h */,
				4FB39BB6214FD73300AEF8D8 /* GDRouter.m */,
			);
			path = Route;
			sourceTree = "<group>";
		};
		4FD1A77A2146BB520005FCA2 /* TableViewController */ = {
			isa = PBXGroup;
			children = (
				E5461429217195D600B4DCD3 /* GDTableVC.h */,
				E546142A217195D600B4DCD3 /* GDTableVC.m */,
				4FD1A77E2146BB920005FCA2 /* GDTableViewCell.h */,
				4FD1A77F2146BB920005FCA2 /* GDTableViewCell.m */,
			);
			path = TableViewController;
			sourceTree = "<group>";
		};
		4FDF3F65213829B500B8F1C9 /* Base */ = {
			isa = PBXGroup;
			children = (
				4FBFBC6E213429CA003618F3 /* GDTabBarController.h */,
				4FBFBC6F213429CA003618F3 /* GDTabBarController.m */,
				4FDF3F5A2137D91700B8F1C9 /* GDMyNetwork.h */,
				4FDF3F5B2137D91800B8F1C9 /* GDMyNetwork.m */,
				4FDF3F6A21382EC500B8F1C9 /* GDMyInteraction.h */,
				4FDF3F6B21382EC500B8F1C9 /* GDMyInteraction.m */,
				E5835FF0217623B000F0DC7F /* GDUrlCenter.h */,
				E5835FF1217623B000F0DC7F /* GDUrlCenter.m */,
			);
			path = Base;
			sourceTree = "<group>";
		};
		4FDF3F6821382BC500B8F1C9 /* Demo */ = {
			isa = PBXGroup;
			children = (
				E5461425217193BA00B4DCD3 /* ScrollNavigationController */,
				E5252498216E261400B7CCE7 /* SliderViewController */,
				E58E8071216B508F00899A80 /* CollectionViewController */,
				4FD1A77A2146BB520005FCA2 /* TableViewController */,
				4FDF3F6921382E3F00B8F1C9 /* NormalViewController */,
				4F15529C212AF20400119C41 /* NavigationController */,
				4FBFBC402132EFF9003618F3 /* Route */,
				4F80070D213E530700A89B44 /* TestViewController.h */,
				4F80070E213E530700A89B44 /* TestViewController.m */,
			);
			path = Demo;
			sourceTree = "<group>";
		};
		4FDF3F6921382E3F00B8F1C9 /* NormalViewController */ = {
			isa = PBXGroup;
			children = (
				4FDF3F572137D8FE00B8F1C9 /* GDViewController.h */,
				4FDF3F582137D8FE00B8F1C9 /* GDViewController.m */,
				4F80071B213EBD9C00A89B44 /* GDNewToastVC.h */,
				4F80071C213EBD9C00A89B44 /* GDNewToastVC.m */,
				4F80071E213EBDBD00A89B44 /* GDNewToastInteraction.h */,
				4F80071F213EBDBD00A89B44 /* GDNewToastInteraction.m */,
				E546142F2171A38400B4DCD3 /* GDSelectView.h */,
				E54614302171A38400B4DCD3 /* GDSelectView.m */,
			);
			path = NormalViewController;
			sourceTree = "<group>";
		};
		6003F581195388D10070C39A = {
			isa = PBXGroup;
			children = (
				60FF7A9C1954A5C5007DD14C /* Podspec Metadata */,
				6003F593195388D20070C39A /* Example for GDProject */,
				6003F58C195388D20070C39A /* Frameworks */,
				6003F58B195388D20070C39A /* Products */,
				3D7165FDAD76CE6703869018 /* Pods */,
			);
			sourceTree = "<group>";
		};
		6003F58B195388D20070C39A /* Products */ = {
			isa = PBXGroup;
			children = (
				6003F58A195388D20070C39A /* GDProject_Example.app */,
			);
			name = Products;
			sourceTree = "<group>";
		};
		6003F58C195388D20070C39A /* Frameworks */ = {
			isa = PBXGroup;
			children = (
				6003F58D195388D20070C39A /* Foundation.framework */,
				6003F58F195388D20070C39A /* CoreGraphics.framework */,
				6003F591195388D20070C39A /* UIKit.framework */,
				6003F5AF195388D20070C39A /* XCTest.framework */,
				5A460DA63704E6C57315A8F6 /* Pods_GDProject_Example.framework */,
				398E751C1995FF344254D05B /* Pods_GDProject_Tests.framework */,
			);
			name = Frameworks;
			sourceTree = "<group>";
		};
		6003F593195388D20070C39A /* Example for GDProject */ = {
			isa = PBXGroup;
			children = (
				4FDF3F65213829B500B8F1C9 /* Base */,
				4FDF3F6821382BC500B8F1C9 /* Demo */,
				4F1552A3212AFF2A00119C41 /* resource */,
				6003F59C195388D20070C39A /* GDAppDelegate.h */,
				6003F59D195388D20070C39A /* GDAppDelegate.m */,
				71719F9D1E33DC2100824A3D /* LaunchScreen.storyboard */,
				6003F5A8195388D20070C39A /* Images.xcassets */,
				6003F594195388D20070C39A /* Supporting Files */,
			);
			name = "Example for GDProject";
			path = GDProject;
			sourceTree = "<group>";
		};
		6003F594195388D20070C39A /* Supporting Files */ = {
			isa = PBXGroup;
			children = (
				6003F595195388D20070C39A /* GDProject-Info.plist */,
				6003F596195388D20070C39A /* InfoPlist.strings */,
				6003F599195388D20070C39A /* main.m */,
				6003F59B195388D20070C39A /* GDProject-Prefix.pch */,
			);
			name = "Supporting Files";
			sourceTree = "<group>";
		};
		60FF7A9C1954A5C5007DD14C /* Podspec Metadata */ = {
			isa = PBXGroup;
			children = (
				FC8413E33DB165E99AA6E567 /* GDProject.podspec */,
				536002A95FDF45F1EEA13D8A /* README.md */,
				1D9C1E1EA4A465C01C3973E4 /* LICENSE */,
			);
			name = "Podspec Metadata";
			sourceTree = "<group>";
		};
		E5252498216E261400B7CCE7 /* SliderViewController */ = {
			isa = PBXGroup;
			children = (
				E5252499216E263600B7CCE7 /* GDMySliderVC.h */,
				E525249A216E263600B7CCE7 /* GDMySliderVC.m */,
			);
			path = SliderViewController;
			sourceTree = "<group>";
		};
		E5461425217193BA00B4DCD3 /* ScrollNavigationController */ = {
			isa = PBXGroup;
			children = (
				E525249C216E3E1900B7CCE7 /* GDMySlider.h */,
				E525249D216E3E1A00B7CCE7 /* GDMySlider.m */,
				E5461426217193DD00B4DCD3 /* MyScrollNavigationController.h */,
				E5461427217193DD00B4DCD3 /* MyScrollNavigationController.m */,
			);
			path = ScrollNavigationController;
			sourceTree = "<group>";
		};
		E58E8071216B508F00899A80 /* CollectionViewController */ = {
			isa = PBXGroup;
			children = (
				E546142C217195EC00B4DCD3 /* GDCollectionVC.h */,
				E546142D217195EC00B4DCD3 /* GDCollectionVC.m */,
				E58E805C216A3EFA00899A80 /* GDCollectionViewCell.h */,
				E58E805D216A3EFA00899A80 /* GDCollectionViewCell.m */,
				E58E8072216B517200899A80 /* GDCollectionHeader.h */,
				E58E8073216B517200899A80 /* GDCollectionHeader.m */,
				E58E8075216B518800899A80 /* GDCollectionFooter.h */,
				E58E8076216B518800899A80 /* GDCollectionFooter.m */,
			);
			path = CollectionViewController;
			sourceTree = "<group>";
		};
/* End PBXGroup section */

/* Begin PBXNativeTarget section */
		6003F589195388D20070C39A /* GDProject_Example */ = {
			isa = PBXNativeTarget;
			buildConfigurationList = 6003F5BF195388D20070C39A /* Build configuration list for PBXNativeTarget "GDProject_Example" */;
			buildPhases = (
				2304497C72DDFEE4401D9052 /* [CP] Check Pods Manifest.lock */,
				6003F586195388D20070C39A /* Sources */,
				6003F587195388D20070C39A /* Frameworks */,
				6003F588195388D20070C39A /* Resources */,
				59F7AB35EAAD09F8378683F9 /* [CP] Embed Pods Frameworks */,
			);
			buildRules = (
			);
			dependencies = (
			);
			name = GDProject_Example;
			productName = GDProject;
			productReference = 6003F58A195388D20070C39A /* GDProject_Example.app */;
			productType = "com.apple.product-type.application";
		};
/* End PBXNativeTarget section */

/* Begin PBXProject section */
		6003F582195388D10070C39A /* Project object */ = {
			isa = PBXProject;
			attributes = {
				CLASSPREFIX = GD;
				LastUpgradeCheck = 0940;
				ORGANIZATIONNAME = QDFish;
				TargetAttributes = {
					6003F589195388D20070C39A = {
						DevelopmentTeam = 5P759875NC;
					};
				};
			};
			buildConfigurationList = 6003F585195388D10070C39A /* Build configuration list for PBXProject "GDProject" */;
			compatibilityVersion = "Xcode 3.2";
			developmentRegion = English;
			hasScannedForEncodings = 0;
			knownRegions = (
				en,
				Base,
			);
			mainGroup = 6003F581195388D10070C39A;
			productRefGroup = 6003F58B195388D20070C39A /* Products */;
			projectDirPath = "";
			projectRoot = "";
			targets = (
				6003F589195388D20070C39A /* GDProject_Example */,
			);
		};
/* End PBXProject section */

/* Begin PBXResourcesBuildPhase section */
		6003F588195388D20070C39A /* Resources */ = {
			isa = PBXResourcesBuildPhase;
			buildActionMask = 2147483647;
			files = (
				71719F9F1E33DC2100824A3D /* LaunchScreen.storyboard in Resources */,
				4FBFBC5B2133A927003618F3 /* c_tabbar_post@3x.png in Resources */,
				4FBFBC642133A927003618F3 /* c_tabbar_video_sel@3x.png in Resources */,
				4FBFBC662133A927003618F3 /* c_tabbar_mall_nor@3x.png in Resources */,
				4FBFBC5D2133A927003618F3 /* c_tabbar_message_nor@2x.png in Resources */,
				6003F5A9195388D20070C39A /* Images.xcassets in Resources */,
				4FBFBC592133A927003618F3 /* c_tabbar_message_nor@3x.png in Resources */,
				4F1552A7212AFF4200119C41 /* navBackIndicatorImg@3x.png in Resources */,
				4FBFBC582133A927003618F3 /* c_tabbar_mall_sel@2x.png in Resources */,
				6003F598195388D20070C39A /* InfoPlist.strings in Resources */,
				4FBFBC5A2133A927003618F3 /* c_tabbar_video_nor@2x.png in Resources */,
				4FBFBC562133A927003618F3 /* c_tabbar_mall_sel@3x.png in Resources */,
				4FBFBC652133A927003618F3 /* c_tabbar_post60@2x.png in Resources */,
				4FBFBC5C2133A927003618F3 /* c_tabbar_video_sel@2x.png in Resources */,
				4FBFBC5F2133A927003618F3 /* c_tabbar_video_nor@3x.png in Resources */,
				4FBFBC612133A927003618F3 /* c_tabbar_post@2x.png in Resources */,
				4F1552A6212AFF4200119C41 /* navBackIndicatorImg@2x.png in Resources */,
				4FBFBC572133A927003618F3 /* c_tabbar_shadow@2x.png in Resources */,
				4FBFBC672133A927003618F3 /* c_tabbar_post60@3x.png in Resources */,
				4FBFBC602133A927003618F3 /* c_tabbar_message_sel@3x.png in Resources */,
				4FBFBC622133A927003618F3 /* c_tabbar_mall_nor@2x.png in Resources */,
				4FBFBC632133A927003618F3 /* c_tabbar_message_sel@2x.png in Resources */,
				4FBFBC5E2133A927003618F3 /* c_tabbar_shadow@3x.png in Resources */,
			);
			runOnlyForDeploymentPostprocessing = 0;
		};
/* End PBXResourcesBuildPhase section */

/* Begin PBXShellScriptBuildPhase section */
		2304497C72DDFEE4401D9052 /* [CP] Check Pods Manifest.lock */ = {
			isa = PBXShellScriptBuildPhase;
			buildActionMask = 2147483647;
			files = (
			);
			inputPaths = (
				"${PODS_PODFILE_DIR_PATH}/Podfile.lock",
				"${PODS_ROOT}/Manifest.lock",
			);
			name = "[CP] Check Pods Manifest.lock";
			outputPaths = (
				"$(DERIVED_FILE_DIR)/Pods-GDProject_Example-checkManifestLockResult.txt",
			);
			runOnlyForDeploymentPostprocessing = 0;
			shellPath = /bin/sh;
			shellScript = "diff \"${PODS_PODFILE_DIR_PATH}/Podfile.lock\" \"${PODS_ROOT}/Manifest.lock\" > /dev/null\nif [ $? != 0 ] ; then\n    # print error to STDERR\n    echo \"error: The sandbox is not in sync with the Podfile.lock. Run 'pod install' or update your CocoaPods installation.\" >&2\n    exit 1\nfi\n# This output is used by Xcode 'outputs' to avoid re-running this script phase.\necho \"SUCCESS\" > \"${SCRIPT_OUTPUT_FILE_0}\"\n";
			showEnvVarsInLog = 0;
		};
		59F7AB35EAAD09F8378683F9 /* [CP] Embed Pods Frameworks */ = {
			isa = PBXShellScriptBuildPhase;
			buildActionMask = 2147483647;
			files = (
			);
			inputPaths = (
				"${SRCROOT}/Pods/Target Support Files/Pods-GDProject_Example/Pods-GDProject_Example-frameworks.sh",
				"${BUILT_PRODUCTS_DIR}/AFNetworking/AFNetworking.framework",
				"${BUILT_PRODUCTS_DIR}/FMDB/FMDB.framework",
				"${BUILT_PRODUCTS_DIR}/GDProject/GDProject.framework",
				"${BUILT_PRODUCTS_DIR}/LKDBHelper/LKDBHelper.framework",
				"${BUILT_PRODUCTS_DIR}/MJRefresh/MJRefresh.framework",
				"${BUILT_PRODUCTS_DIR}/Masonry/Masonry.framework",
				"${BUILT_PRODUCTS_DIR}/SDWebImage/SDWebImage.framework",
				"${BUILT_PRODUCTS_DIR}/UITableView+FDTemplateLayoutCell/UITableView_FDTemplateLayoutCell.framework",
			);
			name = "[CP] Embed Pods Frameworks";
			outputPaths = (
				"${TARGET_BUILD_DIR}/${FRAMEWORKS_FOLDER_PATH}/AFNetworking.framework",
				"${TARGET_BUILD_DIR}/${FRAMEWORKS_FOLDER_PATH}/FMDB.framework",
				"${TARGET_BUILD_DIR}/${FRAMEWORKS_FOLDER_PATH}/GDProject.framework",
				"${TARGET_BUILD_DIR}/${FRAMEWORKS_FOLDER_PATH}/LKDBHelper.framework",
				"${TARGET_BUILD_DIR}/${FRAMEWORKS_FOLDER_PATH}/MJRefresh.framework",
				"${TARGET_BUILD_DIR}/${FRAMEWORKS_FOLDER_PATH}/Masonry.framework",
				"${TARGET_BUILD_DIR}/${FRAMEWORKS_FOLDER_PATH}/SDWebImage.framework",
				"${TARGET_BUILD_DIR}/${FRAMEWORKS_FOLDER_PATH}/UITableView_FDTemplateLayoutCell.framework",
			);
			runOnlyForDeploymentPostprocessing = 0;
			shellPath = /bin/sh;
			shellScript = "\"${SRCROOT}/Pods/Target Support Files/Pods-GDProject_Example/Pods-GDProject_Example-frameworks.sh\"\n";
			showEnvVarsInLog = 0;
		};
/* End PBXShellScriptBuildPhase section */

/* Begin PBXSourcesBuildPhase section */
		6003F586195388D20070C39A /* Sources */ = {
			isa = PBXSourcesBuildPhase;
			buildActionMask = 2147483647;
			files = (
				E546142E217195EC00B4DCD3 /* GDCollectionVC.m in Sources */,
				4F1552A1212AF20400119C41 /* GDTestNavigationController.m in Sources */,
				E54614312171A38400B4DCD3 /* GDSelectView.m in Sources */,
				4FB39BB7214FD73300AEF8D8 /* GDRouter.m in Sources */,
				E525249E216E3E1A00B7CCE7 /* GDMySlider.m in Sources */,
				4FBFBC70213429CA003618F3 /* GDTabBarController.m in Sources */,
				E58E8077216B518800899A80 /* GDCollectionFooter.m in Sources */,
				E525249B216E263600B7CCE7 /* GDMySliderVC.m in Sources */,
				E58E8074216B517200899A80 /* GDCollectionHeader.m in Sources */,
				4FD1A7802146BB920005FCA2 /* GDTableViewCell.m in Sources */,
				E58E805E216A3EFA00899A80 /* GDCollectionViewCell.m in Sources */,
				E546142B217195D600B4DCD3 /* GDTableVC.m in Sources */,
				4FDF3F592137D8FE00B8F1C9 /* GDViewController.m in Sources */,
				4FBFBC432132F012003618F3 /* RouteVC.m in Sources */,
				4F800720213EBDBD00A89B44 /* GDNewToastInteraction.m in Sources */,
				6003F59E195388D20070C39A /* GDAppDelegate.m in Sources */,
				4F80071D213EBD9C00A89B44 /* GDNewToastVC.m in Sources */,
				4F80070F213E530700A89B44 /* TestViewController.m in Sources */,
				4FDF3F6C21382EC500B8F1C9 /* GDMyInteraction.m in Sources */,
				E5461428217193DD00B4DCD3 /* MyScrollNavigationController.m in Sources */,
				4FDF3F5C2137D91800B8F1C9 /* GDMyNetwork.m in Sources */,
				6003F59A195388D20070C39A /* main.m in Sources */,
				E5835FF2217623B000F0DC7F /* GDUrlCenter.m in Sources */,
			);
			runOnlyForDeploymentPostprocessing = 0;
		};
/* End PBXSourcesBuildPhase section */

/* Begin PBXVariantGroup section */
		6003F596195388D20070C39A /* InfoPlist.strings */ = {
			isa = PBXVariantGroup;
			children = (
				6003F597195388D20070C39A /* en */,
			);
			name = InfoPlist.strings;
			sourceTree = "<group>";
		};
		71719F9D1E33DC2100824A3D /* LaunchScreen.storyboard */ = {
			isa = PBXVariantGroup;
			children = (
				71719F9E1E33DC2100824A3D /* Base */,
			);
			name = LaunchScreen.storyboard;
			sourceTree = "<group>";
		};
/* End PBXVariantGroup section */

/* Begin XCBuildConfiguration section */
		6003F5BD195388D20070C39A /* Debug */ = {
			isa = XCBuildConfiguration;
			buildSettings = {
				ALWAYS_SEARCH_USER_PATHS = NO;
				CLANG_CXX_LANGUAGE_STANDARD = "gnu++0x";
				CLANG_CXX_LIBRARY = "libc++";
				CLANG_ENABLE_MODULES = YES;
				CLANG_ENABLE_OBJC_ARC = YES;
				CLANG_WARN_BLOCK_CAPTURE_AUTORELEASING = YES;
				CLANG_WARN_BOOL_CONVERSION = YES;
				CLANG_WARN_COMMA = YES;
				CLANG_WARN_CONSTANT_CONVERSION = YES;
				CLANG_WARN_DEPRECATED_OBJC_IMPLEMENTATIONS = YES;
				CLANG_WARN_DIRECT_OBJC_ISA_USAGE = YES_ERROR;
				CLANG_WARN_EMPTY_BODY = YES;
				CLANG_WARN_ENUM_CONVERSION = YES;
				CLANG_WARN_INFINITE_RECURSION = YES;
				CLANG_WARN_INT_CONVERSION = YES;
				CLANG_WARN_NON_LITERAL_NULL_CONVERSION = YES;
				CLANG_WARN_OBJC_IMPLICIT_RETAIN_SELF = YES;
				CLANG_WARN_OBJC_LITERAL_CONVERSION = YES;
				CLANG_WARN_OBJC_ROOT_CLASS = YES_ERROR;
				CLANG_WARN_RANGE_LOOP_ANALYSIS = YES;
				CLANG_WARN_STRICT_PROTOTYPES = YES;
				CLANG_WARN_SUSPICIOUS_MOVE = YES;
				CLANG_WARN_UNREACHABLE_CODE = YES;
				CLANG_WARN__DUPLICATE_METHOD_MATCH = YES;
				"CODE_SIGN_IDENTITY[sdk=iphoneos*]" = "iPhone Developer";
				COPY_PHASE_STRIP = NO;
				ENABLE_STRICT_OBJC_MSGSEND = YES;
				ENABLE_TESTABILITY = YES;
				GCC_C_LANGUAGE_STANDARD = gnu99;
				GCC_DYNAMIC_NO_PIC = NO;
				GCC_NO_COMMON_BLOCKS = YES;
				GCC_OPTIMIZATION_LEVEL = 0;
				GCC_PREPROCESSOR_DEFINITIONS = (
					"DEBUG=1",
					"$(inherited)",
				);
				GCC_SYMBOLS_PRIVATE_EXTERN = NO;
				GCC_WARN_64_TO_32_BIT_CONVERSION = YES;
				GCC_WARN_ABOUT_RETURN_TYPE = YES_ERROR;
				GCC_WARN_UNDECLARED_SELECTOR = YES;
				GCC_WARN_UNINITIALIZED_AUTOS = YES_AGGRESSIVE;
				GCC_WARN_UNUSED_FUNCTION = YES;
				GCC_WARN_UNUSED_VARIABLE = YES;
				IPHONEOS_DEPLOYMENT_TARGET = 9.3;
				ONLY_ACTIVE_ARCH = YES;
				SDKROOT = iphoneos;
				TARGETED_DEVICE_FAMILY = "1,2";
			};
			name = Debug;
		};
		6003F5BE195388D20070C39A /* Release */ = {
			isa = XCBuildConfiguration;
			buildSettings = {
				ALWAYS_SEARCH_USER_PATHS = NO;
				CLANG_CXX_LANGUAGE_STANDARD = "gnu++0x";
				CLANG_CXX_LIBRARY = "libc++";
				CLANG_ENABLE_MODULES = YES;
				CLANG_ENABLE_OBJC_ARC = YES;
				CLANG_WARN_BLOCK_CAPTURE_AUTORELEASING = YES;
				CLANG_WARN_BOOL_CONVERSION = YES;
				CLANG_WARN_COMMA = YES;
				CLANG_WARN_CONSTANT_CONVERSION = YES;
				CLANG_WARN_DEPRECATED_OBJC_IMPLEMENTATIONS = YES;
				CLANG_WARN_DIRECT_OBJC_ISA_USAGE = YES_ERROR;
				CLANG_WARN_EMPTY_BODY = YES;
				CLANG_WARN_ENUM_CONVERSION = YES;
				CLANG_WARN_INFINITE_RECURSION = YES;
				CLANG_WARN_INT_CONVERSION = YES;
				CLANG_WARN_NON_LITERAL_NULL_CONVERSION = YES;
				CLANG_WARN_OBJC_IMPLICIT_RETAIN_SELF = YES;
				CLANG_WARN_OBJC_LITERAL_CONVERSION = YES;
				CLANG_WARN_OBJC_ROOT_CLASS = YES_ERROR;
				CLANG_WARN_RANGE_LOOP_ANALYSIS = YES;
				CLANG_WARN_STRICT_PROTOTYPES = YES;
				CLANG_WARN_SUSPICIOUS_MOVE = YES;
				CLANG_WARN_UNREACHABLE_CODE = YES;
				CLANG_WARN__DUPLICATE_METHOD_MATCH = YES;
				"CODE_SIGN_IDENTITY[sdk=iphoneos*]" = "iPhone Developer";
				COPY_PHASE_STRIP = YES;
				ENABLE_NS_ASSERTIONS = NO;
				ENABLE_STRICT_OBJC_MSGSEND = YES;
				GCC_C_LANGUAGE_STANDARD = gnu99;
				GCC_NO_COMMON_BLOCKS = YES;
				GCC_WARN_64_TO_32_BIT_CONVERSION = YES;
				GCC_WARN_ABOUT_RETURN_TYPE = YES_ERROR;
				GCC_WARN_UNDECLARED_SELECTOR = YES;
				GCC_WARN_UNINITIALIZED_AUTOS = YES_AGGRESSIVE;
				GCC_WARN_UNUSED_FUNCTION = YES;
				GCC_WARN_UNUSED_VARIABLE = YES;
				IPHONEOS_DEPLOYMENT_TARGET = 9.3;
				SDKROOT = iphoneos;
				TARGETED_DEVICE_FAMILY = "1,2";
				VALIDATE_PRODUCT = YES;
			};
			name = Release;
		};
		6003F5C0195388D20070C39A /* Debug */ = {
			isa = XCBuildConfiguration;
			baseConfigurationReference = F56E11911944B7D49EAF947D /* Pods-GDProject_Example.debug.xcconfig */;
			buildSettings = {
				ASSETCATALOG_COMPILER_APPICON_NAME = AppIcon;
				DEVELOPMENT_TEAM = 5P759875NC;
				GCC_PRECOMPILE_PREFIX_HEADER = YES;
				GCC_PREFIX_HEADER = "GDProject/GDProject-Prefix.pch";
				INFOPLIST_FILE = "GDProject/GDProject-Info.plist";
				IPHONEOS_DEPLOYMENT_TARGET = 8.0;
				MODULE_NAME = ExampleApp;
				PRODUCT_BUNDLE_IDENTIFIER = "org.cocoapods.demo.${PRODUCT_NAME:rfc1034identifier}";
				PRODUCT_NAME = "$(TARGET_NAME)";
				WRAPPER_EXTENSION = app;
			};
			name = Debug;
		};
		6003F5C1195388D20070C39A /* Release */ = {
			isa = XCBuildConfiguration;
			baseConfigurationReference = 1DB9F7A7758E828F337DE700 /* Pods-GDProject_Example.release.xcconfig */;
			buildSettings = {
				ASSETCATALOG_COMPILER_APPICON_NAME = AppIcon;
				DEVELOPMENT_TEAM = 5P759875NC;
				GCC_PRECOMPILE_PREFIX_HEADER = YES;
				GCC_PREFIX_HEADER = "GDProject/GDProject-Prefix.pch";
				INFOPLIST_FILE = "GDProject/GDProject-Info.plist";
				IPHONEOS_DEPLOYMENT_TARGET = 8.0;
				MODULE_NAME = ExampleApp;
				PRODUCT_BUNDLE_IDENTIFIER = "org.cocoapods.demo.${PRODUCT_NAME:rfc1034identifier}";
				PRODUCT_NAME = "$(TARGET_NAME)";
				WRAPPER_EXTENSION = app;
			};
			name = Release;
		};
/* End XCBuildConfiguration section */

/* Begin XCConfigurationList section */
		6003F585195388D10070C39A /* Build configuration list for PBXProject "GDProject" */ = {
			isa = XCConfigurationList;
			buildConfigurations = (
				6003F5BD195388D20070C39A /* Debug */,
				6003F5BE195388D20070C39A /* Release */,
			);
			defaultConfigurationIsVisible = 0;
			defaultConfigurationName = Release;
		};
		6003F5BF195388D20070C39A /* Build configuration list for PBXNativeTarget "GDProject_Example" */ = {
			isa = XCConfigurationList;
			buildConfigurations = (
				6003F5C0195388D20070C39A /* Debug */,
				6003F5C1195388D20070C39A /* Release */,
			);
			defaultConfigurationIsVisible = 0;
			defaultConfigurationName = Release;
		};
/* End XCConfigurationList section */
	};
	rootObject = 6003F582195388D10070C39A /* Project object */;
}
